
Microsoft Visual Studio Solution File, Format Version 12.00
# Visual Studio Version 17
VisualStudioVersion = 17.3.32929.385
MinimumVisualStudioVersion = 10.0.40219.1
Project("{FAE04EC0-301F-11D3-BF4B-00C04F79EFBC}") = "multiples_argumentos_csharp", "multiples_argumentos_csharp\multiples_argumentos_csharp.csproj", "{5A555990-14A0-4D2C-893C-BFF879087C11}"
EndProject
Global
	GlobalSection(SolutionConfigurationPlatforms) = preSolution
		Debug|Any CPU = Debug|Any CPU
		Release|Any CPU = Release|Any CPU
	EndGlobalSection
	GlobalSection(ProjectConfigurationPlatforms) = postSolution
		{5A555990-14A0-4D2C-893C-BFF879087C11}.Debug|Any CPU.ActiveCfg = Debug|Any CPU
		{5A555990-14A0-4D2C-893C-BFF879087C11}.Debug|Any CPU.Build.0 = Debug|Any CPU
		{5A555990-14A0-4D2C-893C-BFF879087C11}.Release|Any CPU.ActiveCfg = Release|Any CPU
		{5A555990-14A0-4D2C-893C-BFF879087C11}.Release|Any CPU.Build.0 = Release|Any CPU
	EndGlobalSection
	GlobalSection(SolutionProperties) = preSolution
		HideSolutionNode = FALSE
	EndGlobalSection
	GlobalSection(ExtensibilityGlobals) = postSolution
		SolutionGuid = {6F3FB004-7476-4648-AD8E-0E437765541B}
	EndGlobalSection
EndGlobal
